
Microsoft Visual Studio Solution File, Format Version 12.00
# Visual Studio Version 16
VisualStudioVersion = 16.0.32002.261
MinimumVisualStudioVersion = 10.0.40219.1
Project("{FAE04EC0-301F-11D3-BF4B-00C04F79EFBC}") = "TicariOtomasyonProjesi", "TicariOtomasyonProjesi\TicariOtomasyonProjesi.csproj", "{37CA9EC1-3018-4906-8270-493440B74595}"
EndProject
Global
	GlobalSection(SolutionConfigurationPlatforms) = preSolution
		Debug|Any CPU = Debug|Any CPU
		Release|Any CPU = Release|Any CPU
	EndGlobalSection
	GlobalSection(ProjectConfigurationPlatforms) = postSolution
		{37CA9EC1-3018-4906-8270-493440B74595}.Debug|Any CPU.ActiveCfg = Debug|Any CPU
		{37CA9EC1-3018-4906-8270-493440B74595}.Debug|Any CPU.Build.0 = Debug|Any CPU
		{37CA9EC1-3018-4906-8270-493440B74595}.Release|Any CPU.ActiveCfg = Release|Any CPU
		{37CA9EC1-3018-4906-8270-493440B74595}.Release|Any CPU.Build.0 = Release|Any CPU
	EndGlobalSection
	GlobalSection(SolutionProperties) = preSolution
		HideSolutionNode = FALSE
	EndGlobalSection
	GlobalSection(ExtensibilityGlobals) = postSolution
		SolutionGuid = {A897DE3A-3B70-4C3A-80B3-7D4D7D07929A}
	EndGlobalSection
EndGlobal
